
Microsoft Visual Studio Solution File, Format Version 12.00
# Visual Studio Version 17
VisualStudioVersion = 17.8.34309.116
MinimumVisualStudioVersion = 10.0.40219.1
Project("{8BC9CEB8-8B4A-11D0-8D11-00A0C91BC942}") = "Monitor", "Monitor\Monitor.vcxproj", "{4A474263-E749-435B-A35E-5BA78DF1FA5C}"
	ProjectSection(ProjectDependencies) = postProject
		{33026BCF-A1C1-412C-9248-2894E8E50F2F} = {33026BCF-A1C1-412C-9248-2894E8E50F2F}
		{4835CB47-7A0E-422A-BC7F-0EBA7370ABB1} = {4835CB47-7A0E-422A-BC7F-0EBA7370ABB1}
		{C646991F-166C-46B5-A22D-2126CA57F909} = {C646991F-166C-46B5-A22D-2126CA57F909}
	EndProjectSection
EndProject
Project("{8BC9CEB8-8B4A-11D0-8D11-00A0C91BC942}") = "NetworkClient", "NetworkClient\NetworkClient.vcxproj", "{4835CB47-7A0E-422A-BC7F-0EBA7370ABB1}"
	ProjectSection(ProjectDependencies) = postProject
		{33026BCF-A1C1-412C-9248-2894E8E50F2F} = {33026BCF-A1C1-412C-9248-2894E8E50F2F}
		{C646991F-166C-46B5-A22D-2126CA57F909} = {C646991F-166C-46B5-A22D-2126CA57F909}
	EndProjectSection
EndProject
Project("{8BC9CEB8-8B4A-11D0-8D11-00A0C91BC942}") = "Network", "Network\Network.vcxproj", "{33026BCF-A1C1-412C-9248-2894E8E50F2F}"
	ProjectSection(ProjectDependencies) = postProject
		{C646991F-166C-46B5-A22D-2126CA57F909} = {C646991F-166C-46B5-A22D-2126CA57F909}
	EndProjectSection
EndProject
Project("{8BC9CEB8-8B4A-11D0-8D11-00A0C91BC942}") = "Helpers", "Helpers\Helpers.vcxproj", "{C646991F-166C-46B5-A22D-2126CA57F909}"
EndProject
Project("{8BC9CEB8-8B4A-11D0-8D11-00A0C91BC942}") = "NetworkServer", "NetworkServer\NetworkServer.vcxproj", "{1EB00A95-5393-485B-B86F-CC0FE73A7506}"
	ProjectSection(ProjectDependencies) = postProject
		{33026BCF-A1C1-412C-9248-2894E8E50F2F} = {33026BCF-A1C1-412C-9248-2894E8E50F2F}
		{C646991F-166C-46B5-A22D-2126CA57F909} = {C646991F-166C-46B5-A22D-2126CA57F909}
	EndProjectSection
EndProject
Project("{8BC9CEB8-8B4A-11D0-8D11-00A0C91BC942}") = "AppMonitor", "AppMonitor\AppMonitor.vcxproj", "{884F4B79-1E9D-4158-8D47-E682ED1D56EB}"
	ProjectSection(ProjectDependencies) = postProject
		{33026BCF-A1C1-412C-9248-2894E8E50F2F} = {33026BCF-A1C1-412C-9248-2894E8E50F2F}
		{4835CB47-7A0E-422A-BC7F-0EBA7370ABB1} = {4835CB47-7A0E-422A-BC7F-0EBA7370ABB1}
		{4A474263-E749-435B-A35E-5BA78DF1FA5C} = {4A474263-E749-435B-A35E-5BA78DF1FA5C}
	EndProjectSection
EndProject
Project("{8BC9CEB8-8B4A-11D0-8D11-00A0C91BC942}") = "AppClient", "AppClient\AppClient.vcxproj", "{2C36372D-40DE-4A85-957E-4ED8486C65E1}"
	ProjectSection(ProjectDependencies) = postProject
		{33026BCF-A1C1-412C-9248-2894E8E50F2F} = {33026BCF-A1C1-412C-9248-2894E8E50F2F}
		{4835CB47-7A0E-422A-BC7F-0EBA7370ABB1} = {4835CB47-7A0E-422A-BC7F-0EBA7370ABB1}
		{C646991F-166C-46B5-A22D-2126CA57F909} = {C646991F-166C-46B5-A22D-2126CA57F909}
	EndProjectSection
EndProject
Project("{8BC9CEB8-8B4A-11D0-8D11-00A0C91BC942}") = "AppServer", "AppServer\AppServer.vcxproj", "{EB69BB38-9A97-49E3-A123-6EE1D5EBF252}"
	ProjectSection(ProjectDependencies) = postProject
		{1EB00A95-5393-485B-B86F-CC0FE73A7506} = {1EB00A95-5393-485B-B86F-CC0FE73A7506}
		{33026BCF-A1C1-412C-9248-2894E8E50F2F} = {33026BCF-A1C1-412C-9248-2894E8E50F2F}
		{C646991F-166C-46B5-A22D-2126CA57F909} = {C646991F-166C-46B5-A22D-2126CA57F909}
	EndProjectSection
EndProject
Global
	GlobalSection(SolutionConfigurationPlatforms) = preSolution
		Debug|x64 = Debug|x64
		Debug|x86 = Debug|x86
		Release|x64 = Release|x64
		Release|x86 = Release|x86
	EndGlobalSection
	GlobalSection(ProjectConfigurationPlatforms) = postSolution
		{4A474263-E749-435B-A35E-5BA78DF1FA5C}.Debug|x64.ActiveCfg = Debug|x64
		{4A474263-E749-435B-A35E-5BA78DF1FA5C}.Debug|x64.Build.0 = Debug|x64
		{4A474263-E749-435B-A35E-5BA78DF1FA5C}.Debug|x86.ActiveCfg = Debug|Win32
		{4A474263-E749-435B-A35E-5BA78DF1FA5C}.Debug|x86.Build.0 = Debug|Win32
		{4A474263-E749-435B-A35E-5BA78DF1FA5C}.Release|x64.ActiveCfg = Release|x64
		{4A474263-E749-435B-A35E-5BA78DF1FA5C}.Release|x64.Build.0 = Release|x64
		{4A474263-E749-435B-A35E-5BA78DF1FA5C}.Release|x86.ActiveCfg = Release|Win32
		{4A474263-E749-435B-A35E-5BA78DF1FA5C}.Release|x86.Build.0 = Release|Win32
		{4835CB47-7A0E-422A-BC7F-0EBA7370ABB1}.Debug|x64.ActiveCfg = Debug|x64
		{4835CB47-7A0E-422A-BC7F-0EBA7370ABB1}.Debug|x64.Build.0 = Debug|x64
		{4835CB47-7A0E-422A-BC7F-0EBA7370ABB1}.Debug|x86.ActiveCfg = Debug|Win32
		{4835CB47-7A0E-422A-BC7F-0EBA7370ABB1}.Debug|x86.Build.0 = Debug|Win32
		{4835CB47-7A0E-422A-BC7F-0EBA7370ABB1}.Release|x64.ActiveCfg = Release|x64
		{4835CB47-7A0E-422A-BC7F-0EBA7370ABB1}.Release|x64.Build.0 = Release|x64
		{4835CB47-7A0E-422A-BC7F-0EBA7370ABB1}.Release|x86.ActiveCfg = Release|Win32
		{4835CB47-7A0E-422A-BC7F-0EBA7370ABB1}.Release|x86.Build.0 = Release|Win32
		{33026BCF-A1C1-412C-9248-2894E8E50F2F}.Debug|x64.ActiveCfg = Debug|x64
		{33026BCF-A1C1-412C-9248-2894E8E50F2F}.Debug|x64.Build.0 = Debug|x64
		{33026BCF-A1C1-412C-9248-2894E8E50F2F}.Debug|x86.ActiveCfg = Debug|Win32
		{33026BCF-A1C1-412C-9248-2894E8E50F2F}.Debug|x86.Build.0 = Debug|Win32
		{33026BCF-A1C1-412C-9248-2894E8E50F2F}.Release|x64.ActiveCfg = Release|x64
		{33026BCF-A1C1-412C-9248-2894E8E50F2F}.Release|x64.Build.0 = Release|x64
		{33026BCF-A1C1-412C-9248-2894E8E50F2F}.Release|x86.ActiveCfg = Release|Win32
		{33026BCF-A1C1-412C-9248-2894E8E50F2F}.Release|x86.Build.0 = Release|Win32
		{C646991F-166C-46B5-A22D-2126CA57F909}.Debug|x64.ActiveCfg = Debug|x64
		{C646991F-166C-46B5-A22D-2126CA57F909}.Debug|x64.Build.0 = Debug|x64
		{C646991F-166C-46B5-A22D-2126CA57F909}.Debug|x86.ActiveCfg = Debug|Win32
		{C646991F-166C-46B5-A22D-2126CA57F909}.Debug|x86.Build.0 = Debug|Win32
		{C646991F-166C-46B5-A22D-2126CA57F909}.Release|x64.ActiveCfg = Release|x64
		{C646991F-166C-46B5-A22D-2126CA57F909}.Release|x64.Build.0 = Release|x64
		{C646991F-166C-46B5-A22D-2126CA57F909}.Release|x86.ActiveCfg = Release|Win32
		{C646991F-166C-46B5-A22D-2126CA57F909}.Release|x86.Build.0 = Release|Win32
		{1EB00A95-5393-485B-B86F-CC0FE73A7506}.Debug|x64.ActiveCfg = Debug|x64
		{1EB00A95-5393-485B-B86F-CC0FE73A7506}.Debug|x64.Build.0 = Debug|x64
		{1EB00A95-5393-485B-B86F-CC0FE73A7506}.Debug|x86.ActiveCfg = Debug|Win32
		{1EB00A95-5393-485B-B86F-CC0FE73A7506}.Debug|x86.Build.0 = Debug|Win32
		{1EB00A95-5393-485B-B86F-CC0FE73A7506}.Release|x64.ActiveCfg = Release|x64
		{1EB00A95-5393-485B-B86F-CC0FE73A7506}.Release|x64.Build.0 = Release|x64
		{1EB00A95-5393-485B-B86F-CC0FE73A7506}.Release|x86.ActiveCfg = Release|Win32
		{1EB00A95-5393-485B-B86F-CC0FE73A7506}.Release|x86.Build.0 = Release|Win32
		{884F4B79-1E9D-4158-8D47-E682ED1D56EB}.Debug|x64.ActiveCfg = Debug|x64
		{884F4B79-1E9D-4158-8D47-E682ED1D56EB}.Debug|x64.Build.0 = Debug|x64
		{884F4B79-1E9D-4158-8D47-E682ED1D56EB}.Debug|x86.ActiveCfg = Debug|Win32
		{884F4B79-1E9D-4158-8D47-E682ED1D56EB}.Debug|x86.Build.0 = Debug|Win32
		{884F4B79-1E9D-4158-8D47-E682ED1D56EB}.Release|x64.ActiveCfg = Release|x64
		{884F4B79-1E9D-4158-8D47-E682ED1D56EB}.Release|x64.Build.0 = Release|x64
		{884F4B79-1E9D-4158-8D47-E682ED1D56EB}.Release|x86.ActiveCfg = Release|Win32
		{884F4B79-1E9D-4158-8D47-E682ED1D56EB}.Release|x86.Build.0 = Release|Win32
		{2C36372D-40DE-4A85-957E-4ED8486C65E1}.Debug|x64.ActiveCfg = Debug|x64
		{2C36372D-40DE-4A85-957E-4ED8486C65E1}.Debug|x64.Build.0 = Debug|x64
		{2C36372D-40DE-4A85-957E-4ED8486C65E1}.Debug|x86.ActiveCfg = Debug|Win32
		{2C36372D-40DE-4A85-957E-4ED8486C65E1}.Debug|x86.Build.0 = Debug|Win32
		{2C36372D-40DE-4A85-957E-4ED8486C65E1}.Release|x64.ActiveCfg = Release|x64
		{2C36372D-40DE-4A85-957E-4ED8486C65E1}.Release|x64.Build.0 = Release|x64
		{2C36372D-40DE-4A85-957E-4ED8486C65E1}.Release|x86.ActiveCfg = Release|Win32
		{2C36372D-40DE-4A85-957E-4ED8486C65E1}.Release|x86.Build.0 = Release|Win32
		{EB69BB38-9A97-49E3-A123-6EE1D5EBF252}.Debug|x64.ActiveCfg = Debug|x64
		{EB69BB38-9A97-49E3-A123-6EE1D5EBF252}.Debug|x64.Build.0 = Debug|x64
		{EB69BB38-9A97-49E3-A123-6EE1D5EBF252}.Debug|x86.ActiveCfg = Debug|Win32
		{EB69BB38-9A97-49E3-A123-6EE1D5EBF252}.Debug|x86.Build.0 = Debug|Win32
		{EB69BB38-9A97-49E3-A123-6EE1D5EBF252}.Release|x64.ActiveCfg = Release|x64
		{EB69BB38-9A97-49E3-A123-6EE1D5EBF252}.Release|x64.Build.0 = Release|x64
		{EB69BB38-9A97-49E3-A123-6EE1D5EBF252}.Release|x86.ActiveCfg = Release|Win32
		{EB69BB38-9A97-49E3-A123-6EE1D5EBF252}.Release|x86.Build.0 = Release|Win32
	EndGlobalSection
	GlobalSection(SolutionProperties) = preSolution
		HideSolutionNode = FALSE
	EndGlobalSection
	GlobalSection(ExtensibilityGlobals) = postSolution
		SolutionGuid = {5C5D7C3F-9D6D-4C66-B9E6-848B1EA74823}
	EndGlobalSection
EndGlobal
